PODS:
  - ZHKSwiftExtension (0.1.0)

DEPENDENCIES:
  - ZHKSwiftExtension (from `../`)

EXTERNAL SOURCES:
  ZHKSwiftExtension:
    :path: "../"

SPEC CHECKSUMS:
  ZHKSwiftExtension: dbafe40f47b1961daad1ac392e08ada646841f1d

PODFILE CHECKSUM: 3d5362b29666f54c84899baa842719b209ccebad

COCOAPODS: 1.2.1.beta.1
