PODS:
  - ZHKSwiftExtension (0.2.3)

DEPENDENCIES:
  - ZHKSwiftExtension (from `../`)

EXTERNAL SOURCES:
  ZHKSwiftExtension:
    :path: "../"

SPEC CHECKSUMS:
  ZHKSwiftExtension: e9358a852ea15ebd6c52fb3ccee15a3d00ccf102

PODFILE CHECKSUM: e9089ff67167fc225a8a2d1b6eee62ec54b75b93

COCOAPODS: 1.10.0
